
Microsoft Visual Studio Solution File, Format Version 12.00
# Visual Studio Version 16
VisualStudioVersion = 16.0.33927.289
MinimumVisualStudioVersion = 10.0.40219.1
Project("{FAE04EC0-301F-11D3-BF4B-00C04F79EFBC}") = "CaseStudy_1", "CaseStudy_1\CaseStudy_1.csproj", "{377AD16E-ADB4-4997-8C38-BFE11827ACAE}"
EndProject
Global
	GlobalSection(SolutionConfigurationPlatforms) = preSolution
		Debug|Any CPU = Debug|Any CPU
		Release|Any CPU = Release|Any CPU
	EndGlobalSection
	GlobalSection(ProjectConfigurationPlatforms) = postSolution
		{377AD16E-ADB4-4997-8C38-BFE11827ACAE}.Debug|Any CPU.ActiveCfg = Debug|Any CPU
		{377AD16E-ADB4-4997-8C38-BFE11827ACAE}.Debug|Any CPU.Build.0 = Debug|Any CPU
		{377AD16E-ADB4-4997-8C38-BFE11827ACAE}.Release|Any CPU.ActiveCfg = Release|Any CPU
		{377AD16E-ADB4-4997-8C38-BFE11827ACAE}.Release|Any CPU.Build.0 = Release|Any CPU
	EndGlobalSection
	GlobalSection(SolutionProperties) = preSolution
		HideSolutionNode = FALSE
	EndGlobalSection
	GlobalSection(ExtensibilityGlobals) = postSolution
		SolutionGuid = {91F07E19-27C3-4D70-BBA1-1CABD42F57C2}
	EndGlobalSection
EndGlobal
