
Microsoft Visual Studio Solution File, Format Version 12.00
# Visual Studio Version 16
VisualStudioVersion = 16.0.33927.289
MinimumVisualStudioVersion = 10.0.40219.1
Project("{FAE04EC0-301F-11D3-BF4B-00C04F79EFBC}") = "Que2", "Que2\Que2.csproj", "{AE55CDE0-B53D-41F2-B9A1-17FADC7EE201}"
EndProject
Global
	GlobalSection(SolutionConfigurationPlatforms) = preSolution
		Debug|Any CPU = Debug|Any CPU
		Release|Any CPU = Release|Any CPU
	EndGlobalSection
	GlobalSection(ProjectConfigurationPlatforms) = postSolution
		{AE55CDE0-B53D-41F2-B9A1-17FADC7EE201}.Debug|Any CPU.ActiveCfg = Debug|Any CPU
		{AE55CDE0-B53D-41F2-B9A1-17FADC7EE201}.Debug|Any CPU.Build.0 = Debug|Any CPU
		{AE55CDE0-B53D-41F2-B9A1-17FADC7EE201}.Release|Any CPU.ActiveCfg = Release|Any CPU
		{AE55CDE0-B53D-41F2-B9A1-17FADC7EE201}.Release|Any CPU.Build.0 = Release|Any CPU
	EndGlobalSection
	GlobalSection(SolutionProperties) = preSolution
		HideSolutionNode = FALSE
	EndGlobalSection
	GlobalSection(ExtensibilityGlobals) = postSolution
		SolutionGuid = {B7E98033-A07D-4D12-B465-BDCD92CFE895}
	EndGlobalSection
EndGlobal
