
Microsoft Visual Studio Solution File, Format Version 12.00
# Visual Studio Version 16
VisualStudioVersion = 16.0.33927.289
MinimumVisualStudioVersion = 10.0.40219.1
Project("{FAE04EC0-301F-11D3-BF4B-00C04F79EFBC}") = "RemotingClient", "RemotingClient\RemotingClient.csproj", "{B8DEC159-A945-4B78-A8B0-8AB759DBBE88}"
EndProject
Global
	GlobalSection(SolutionConfigurationPlatforms) = preSolution
		Debug|Any CPU = Debug|Any CPU
		Release|Any CPU = Release|Any CPU
	EndGlobalSection
	GlobalSection(ProjectConfigurationPlatforms) = postSolution
		{B8DEC159-A945-4B78-A8B0-8AB759DBBE88}.Debug|Any CPU.ActiveCfg = Debug|Any CPU
		{B8DEC159-A945-4B78-A8B0-8AB759DBBE88}.Debug|Any CPU.Build.0 = Debug|Any CPU
		{B8DEC159-A945-4B78-A8B0-8AB759DBBE88}.Release|Any CPU.ActiveCfg = Release|Any CPU
		{B8DEC159-A945-4B78-A8B0-8AB759DBBE88}.Release|Any CPU.Build.0 = Release|Any CPU
	EndGlobalSection
	GlobalSection(SolutionProperties) = preSolution
		HideSolutionNode = FALSE
	EndGlobalSection
	GlobalSection(ExtensibilityGlobals) = postSolution
		SolutionGuid = {FAF5E24F-0A1C-4B70-B400-C1119B262323}
	EndGlobalSection
EndGlobal
