
Microsoft Visual Studio Solution File, Format Version 12.00
# Visual Studio Version 16
VisualStudioVersion = 16.0.33927.289
MinimumVisualStudioVersion = 10.0.40219.1
Project("{FAE04EC0-301F-11D3-BF4B-00C04F79EFBC}") = "Codebasetest4", "Codebasetest4\Codebasetest4.csproj", "{546AB6C9-1DB6-436B-846E-0E75C0618962}"
EndProject
Global
	GlobalSection(SolutionConfigurationPlatforms) = preSolution
		Debug|Any CPU = Debug|Any CPU
		Release|Any CPU = Release|Any CPU
	EndGlobalSection
	GlobalSection(ProjectConfigurationPlatforms) = postSolution
		{546AB6C9-1DB6-436B-846E-0E75C0618962}.Debug|Any CPU.ActiveCfg = Debug|Any CPU
		{546AB6C9-1DB6-436B-846E-0E75C0618962}.Debug|Any CPU.Build.0 = Debug|Any CPU
		{546AB6C9-1DB6-436B-846E-0E75C0618962}.Release|Any CPU.ActiveCfg = Release|Any CPU
		{546AB6C9-1DB6-436B-846E-0E75C0618962}.Release|Any CPU.Build.0 = Release|Any CPU
	EndGlobalSection
	GlobalSection(SolutionProperties) = preSolution
		HideSolutionNode = FALSE
	EndGlobalSection
	GlobalSection(ExtensibilityGlobals) = postSolution
		SolutionGuid = {9F81926F-EEFE-4899-9BBD-C2D53E937C66}
	EndGlobalSection
EndGlobal
